
Microsoft Visual Studio Solution File, Format Version 12.00
# Visual Studio Version 16
VisualStudioVersion = 16.0.31205.134
MinimumVisualStudioVersion = 10.0.40219.1
Project("{FAE04EC0-301F-11D3-BF4B-00C04F79EFBC}") = "Ex03.GarageLogic", "Ex03.GarageLogic\Ex03.GarageLogic.csproj", "{EA217065-8DE1-4263-A692-80BF05EFD5E5}"
EndProject
Project("{FAE04EC0-301F-11D3-BF4B-00C04F79EFBC}") = "Ex03.ConsoleUI", "Ex03.ConsoleUI\Ex03.ConsoleUI.csproj", "{2BD4D4EE-7810-4047-801C-6378CC00C6C1}"
EndProject
Global
	GlobalSection(SolutionConfigurationPlatforms) = preSolution
		Debug|Any CPU = Debug|Any CPU
		Release|Any CPU = Release|Any CPU
	EndGlobalSection
	GlobalSection(ProjectConfigurationPlatforms) = postSolution
		{EA217065-8DE1-4263-A692-80BF05EFD5E5}.Debug|Any CPU.ActiveCfg = Debug|Any CPU
		{EA217065-8DE1-4263-A692-80BF05EFD5E5}.Debug|Any CPU.Build.0 = Debug|Any CPU
		{EA217065-8DE1-4263-A692-80BF05EFD5E5}.Release|Any CPU.ActiveCfg = Release|Any CPU
		{EA217065-8DE1-4263-A692-80BF05EFD5E5}.Release|Any CPU.Build.0 = Release|Any CPU
		{2BD4D4EE-7810-4047-801C-6378CC00C6C1}.Debug|Any CPU.ActiveCfg = Debug|Any CPU
		{2BD4D4EE-7810-4047-801C-6378CC00C6C1}.Debug|Any CPU.Build.0 = Debug|Any CPU
		{2BD4D4EE-7810-4047-801C-6378CC00C6C1}.Release|Any CPU.ActiveCfg = Release|Any CPU
		{2BD4D4EE-7810-4047-801C-6378CC00C6C1}.Release|Any CPU.Build.0 = Release|Any CPU
	EndGlobalSection
	GlobalSection(SolutionProperties) = preSolution
		HideSolutionNode = FALSE
	EndGlobalSection
	GlobalSection(ExtensibilityGlobals) = postSolution
		SolutionGuid = {67DBC95B-1E66-4C79-A613-77AF398353DB}
	EndGlobalSection
EndGlobal
